// !$*UTF8*$!
{
	archiveVersion = 1;
	classes = {
	};
	objectVersion = 46;
	objects = {

/* Begin PBXBuildFile section */
		884C81921DD46666001107B4 /* AppDelegate.swift in Sources */ = {isa = PBXBuildFile; fileRef = 884C81911DD46666001107B4 /* AppDelegate.swift */; };
		884C81941DD46666001107B4 /* ViewController.swift in Sources */ = {isa = PBXBuildFile; fileRef = 884C81931DD46666001107B4 /* ViewController.swift */; };
		884C81971DD46666001107B4 /* Main.storyboard in Resources */ = {isa = PBXBuildFile; fileRef = 884C81951DD46666001107B4 /* Main.storyboard */; };
		884C81991DD46666001107B4 /* Assets.xcassets in Resources */ = {isa = PBXBuildFile; fileRef = 884C81981DD46666001107B4 /* Assets.xcassets */; };
		884C819C1DD46666001107B4 /* LaunchScreen.storyboard in Resources */ = {isa = PBXBuildFile; fileRef = 884C819A1DD46666001107B4 /* LaunchScreen.storyboard */; };
		884C81A71DD46666001107B4 /* NimGameUITests.swift in Sources */ = {isa = PBXBuildFile; fileRef = 884C81A61DD46666001107B4 /* NimGameUITests.swift */; };
		8874D9FF1DD9C3CC00C64C17 /* SettingsViewController.swift in Sources */ = {isa = PBXBuildFile; fileRef = 8874D9FE1DD9C3CC00C64C17 /* SettingsViewController.swift */; };
		8874DA011DD9F5FE00C64C17 /* Player.swift in Sources */ = {isa = PBXBuildFile; fileRef = 8874DA001DD9F5FE00C64C17 /* Player.swift */; };
		8874DA031DD9FA1800C64C17 /* ScoreViewController.swift in Sources */ = {isa = PBXBuildFile; fileRef = 8874DA021DD9FA1800C64C17 /* ScoreViewController.swift */; };
		88D910CB1DDA0E2F0004C24A /* TableViewCell.swift in Sources */ = {isa = PBXBuildFile; fileRef = 88D910CA1DDA0E2F0004C24A /* TableViewCell.swift */; };
/* End PBXBuildFile section */

/* Begin PBXContainerItemProxy section */
		884C81A31DD46666001107B4 /* PBXContainerItemProxy */ = {
			isa = PBXContainerItemProxy;
			containerPortal = 884C81861DD46666001107B4 /* Project object */;
			proxyType = 1;
			remoteGlobalIDString = 884C818D1DD46666001107B4;
			remoteInfo = NimGame;
		};
/* End PBXContainerItemProxy section */

/* Begin PBXFileReference section */
		884C818E1DD46666001107B4 /* NimGame.app */ = {isa = PBXFileReference; explicitFileType = wrapper.application; includeInIndex = 0; path = NimGame.app; sourceTree = BUILT_PRODUCTS_DIR; };
		884C81911DD46666001107B4 /* AppDelegate.swift */ = {isa = PBXFileReference; lastKnownFileType = sourcecode.swift; path = AppDelegate.swift; sourceTree = "<group>"; };
		884C81931DD46666001107B4 /* ViewController.swift */ = {isa = PBXFileReference; lastKnownFileType = sourcecode.swift; path = ViewController.swift; sourceTree = "<group>"; };
		884C81961DD46666001107B4 /* Base */ = {isa = PBXFileReference; lastKnownFileType = file.storyboard; name = Base; path = Base.lproj/Main.storyboard; sourceTree = "<group>"; };
		884C81981DD46666001107B4 /* Assets.xcassets */ = {isa = PBXFileReference; lastKnownFileType = folder.assetcatalog; path = Assets.xcassets; sourceTree = "<group>"; };
		884C819B1DD46666001107B4 /* Base */ = {isa = PBXFileReference; lastKnownFileType = file.storyboard; name = Base; path = Base.lproj/LaunchScreen.storyboard; sourceTree = "<group>"; };
		884C819D1DD46666001107B4 /* Info.plist */ = {isa = PBXFileReference; lastKnownFileType = text.plist.xml; path = Info.plist; sourceTree = "<group>"; };
		884C81A21DD46666001107B4 /* NimGameUITests.xctest */ = {isa = PBXFileReference; explicitFileType = wrapper.cfbundle; includeInIndex = 0; path = NimGameUITests.xctest; sourceTree = BUILT_PRODUCTS_DIR; };
		884C81A61DD46666001107B4 /* NimGameUITests.swift */ = {isa = PBXFileReference; lastKnownFileType = sourcecode.swift; path = NimGameUITests.swift; sourceTree = "<group>"; };
		884C81A81DD46666001107B4 /* Info.plist */ = {isa = PBXFileReference; lastKnownFileType = text.plist.xml; path = Info.plist; sourceTree = "<group>"; };
		8874D9FE1DD9C3CC00C64C17 /* SettingsViewController.swift */ = {isa = PBXFileReference; fileEncoding = 4; lastKnownFileType = sourcecode.swift; path = SettingsViewController.swift; sourceTree = "<group>"; };
		8874DA001DD9F5FE00C64C17 /* Player.swift */ = {isa = PBXFileReference; fileEncoding = 4; lastKnownFileType = sourcecode.swift; path = Player.swift; sourceTree = "<group>"; };
		8874DA021DD9FA1800C64C17 /* ScoreViewController.swift */ = {isa = PBXFileReference; fileEncoding = 4; lastKnownFileType = sourcecode.swift; path = ScoreViewController.swift; sourceTree = "<group>"; };
		88D910CA1DDA0E2F0004C24A /* TableViewCell.swift */ = {isa = PBXFileReference; fileEncoding = 4; lastKnownFileType = sourcecode.swift; path = TableViewCell.swift; sourceTree = "<group>"; };
/* End PBXFileReference section */

/* Begin PBXFrameworksBuildPhase section */
		884C818B1DD46666001107B4 /* Frameworks */ = {
			isa = PBXFrameworksBuildPhase;
			buildActionMask = 2147483647;
			files = (
			);
			runOnlyForDeploymentPostprocessing = 0;
		};
		884C819F1DD46666001107B4 /* Frameworks */ = {
			isa = PBXFrameworksBuildPhase;
			buildActionMask = 2147483647;
			files = (
			);
			runOnlyForDeploymentPostprocessing = 0;
		};
/* End PBXFrameworksBuildPhase section */

/* Begin PBXGroup section */
		884C81851DD46666001107B4 = {
			isa = PBXGroup;
			children = (
				884C81901DD46666001107B4 /* NimGame */,
				884C81A51DD46666001107B4 /* NimGameUITests */,
				884C818F1DD46666001107B4 /* Products */,
			);
			sourceTree = "<group>";
		};
		884C818F1DD46666001107B4 /* Products */ = {
			isa = PBXGroup;
			children = (
				884C818E1DD46666001107B4 /* NimGame.app */,
				884C81A21DD46666001107B4 /* NimGameUITests.xctest */,
			);
			name = Products;
			sourceTree = "<group>";
		};
		884C81901DD46666001107B4 /* NimGame */ = {
			isa = PBXGroup;
			children = (
				8874D9FE1DD9C3CC00C64C17 /* SettingsViewController.swift */,
				884C81911DD46666001107B4 /* AppDelegate.swift */,
				884C81931DD46666001107B4 /* ViewController.swift */,
				884C81951DD46666001107B4 /* Main.storyboard */,
				884C81981DD46666001107B4 /* Assets.xcassets */,
				884C819A1DD46666001107B4 /* LaunchScreen.storyboard */,
				884C819D1DD46666001107B4 /* Info.plist */,
				8874DA001DD9F5FE00C64C17 /* Player.swift */,
				8874DA021DD9FA1800C64C17 /* ScoreViewController.swift */,
				88D910CA1DDA0E2F0004C24A /* TableViewCell.swift */,
			);
			path = NimGame;
			sourceTree = "<group>";
		};
		884C81A51DD46666001107B4 /* NimGameUITests */ = {
			isa = PBXGroup;
			children = (
				884C81A61DD46666001107B4 /* NimGameUITests.swift */,
				884C81A81DD46666001107B4 /* Info.plist */,
			);
			path = NimGameUITests;
			sourceTree = "<group>";
		};
/* End PBXGroup section */

/* Begin PBXNativeTarget section */
		884C818D1DD46666001107B4 /* NimGame */ = {
			isa = PBXNativeTarget;
			buildConfigurationList = 884C81AB1DD46666001107B4 /* Build configuration list for PBXNativeTarget "NimGame" */;
			buildPhases = (
				884C818A1DD46666001107B4 /* Sources */,
				884C818B1DD46666001107B4 /* Frameworks */,
				884C818C1DD46666001107B4 /* Resources */,
			);
			buildRules = (
			);
			dependencies = (
			);
			name = NimGame;
			productName = NimGame;
			productReference = 884C818E1DD46666001107B4 /* NimGame.app */;
			productType = "com.apple.product-type.application";
		};
		884C81A11DD46666001107B4 /* NimGameUITests */ = {
			isa = PBXNativeTarget;
			buildConfigurationList = 884C81AE1DD46666001107B4 /* Build configuration list for PBXNativeTarget "NimGameUITests" */;
			buildPhases = (
				884C819E1DD46666001107B4 /* Sources */,
				884C819F1DD46666001107B4 /* Frameworks */,
				884C81A01DD46666001107B4 /* Resources */,
			);
			buildRules = (
			);
			dependencies = (
				884C81A41DD46666001107B4 /* PBXTargetDependency */,
			);
			name = NimGameUITests;
			productName = NimGameUITests;
			productReference = 884C81A21DD46666001107B4 /* NimGameUITests.xctest */;
			productType = "com.apple.product-type.bundle.ui-testing";
		};
/* End PBXNativeTarget section */

/* Begin PBXProject section */
		884C81861DD46666001107B4 /* Project object */ = {
			isa = PBXProject;
			attributes = {
				LastSwiftUpdateCheck = 0800;
				LastUpgradeCheck = 0800;
				ORGANIZATIONNAME = laurent;
				TargetAttributes = {
					884C818D1DD46666001107B4 = {
						CreatedOnToolsVersion = 8.0;
						ProvisioningStyle = Automatic;
					};
					884C81A11DD46666001107B4 = {
						CreatedOnToolsVersion = 8.0;
						ProvisioningStyle = Automatic;
						TestTargetID = 884C818D1DD46666001107B4;
					};
				};
			};
			buildConfigurationList = 884C81891DD46666001107B4 /* Build configuration list for PBXProject "NimGame" */;
			compatibilityVersion = "Xcode 3.2";
			developmentRegion = English;
			hasScannedForEncodings = 0;
			knownRegions = (
				en,
				Base,
			);
			mainGroup = 884C81851DD46666001107B4;
			productRefGroup = 884C818F1DD46666001107B4 /* Products */;
			projectDirPath = "";
			projectRoot = "";
			targets = (
				884C818D1DD46666001107B4 /* NimGame */,
				884C81A11DD46666001107B4 /* NimGameUITests */,
			);
		};
/* End PBXProject section */

/* Begin PBXResourcesBuildPhase section */
		884C818C1DD46666001107B4 /* Resources */ = {
			isa = PBXResourcesBuildPhase;
			buildActionMask = 2147483647;
			files = (
				884C819C1DD46666001107B4 /* LaunchScreen.storyboard in Resources */,
				884C81991DD46666001107B4 /* Assets.xcassets in Resources */,
				884C81971DD46666001107B4 /* Main.storyboard in Resources */,
			);
			runOnlyForDeploymentPostprocessing = 0;
		};
		884C81A01DD46666001107B4 /* Resources */ = {
			isa = PBXResourcesBuildPhase;
			buildActionMask = 2147483647;
			files = (
			);
			runOnlyForDeploymentPostprocessing = 0;
		};
/* End PBXResourcesBuildPhase section */

/* Begin PBXSourcesBuildPhase section */
		884C818A1DD46666001107B4 /* Sources */ = {
			isa = PBXSourcesBuildPhase;
			buildActionMask = 2147483647;
			files = (
				8874DA011DD9F5FE00C64C17 /* Player.swift in Sources */,
				884C81941DD46666001107B4 /* ViewController.swift in Sources */,
				8874DA031DD9FA1800C64C17 /* ScoreViewController.swift in Sources */,
				88D910CB1DDA0E2F0004C24A /* TableViewCell.swift in Sources */,
				884C81921DD46666001107B4 /* AppDelegate.swift in Sources */,
				8874D9FF1DD9C3CC00C64C17 /* SettingsViewController.swift in Sources */,
			);
			runOnlyForDeploymentPostprocessing = 0;
		};
		884C819E1DD46666001107B4 /* Sources */ = {
			isa = PBXSourcesBuildPhase;
			buildActionMask = 2147483647;
			files = (
				884C81A71DD46666001107B4 /* NimGameUITests.swift in Sources */,
			);
			runOnlyForDeploymentPostprocessing = 0;
		};
/* End PBXSourcesBuildPhase section */

/* Begin PBXTargetDependency section */
		884C81A41DD46666001107B4 /* PBXTargetDependency */ = {
			isa = PBXTargetDependency;
			target = 884C818D1DD46666001107B4 /* NimGame */;
			targetProxy = 884C81A31DD46666001107B4 /* PBXContainerItemProxy */;
		};
/* End PBXTargetDependency section */

/* Begin PBXVariantGroup section */
		884C81951DD46666001107B4 /* Main.storyboard */ = {
			isa = PBXVariantGroup;
			children = (
				884C81961DD46666001107B4 /* Base */,
			);
			name = Main.storyboard;
			sourceTree = "<group>";
		};
		884C819A1DD46666001107B4 /* LaunchScreen.storyboard */ = {
			isa = PBXVariantGroup;
			children = (
				884C819B1DD46666001107B4 /* Base */,
			);
			name = LaunchScreen.storyboard;
			sourceTree = "<group>";
		};
/* End PBXVariantGroup section */

/* Begin XCBuildConfiguration section */
		884C81A91DD46666001107B4 /* Debug */ = {
			isa = XCBuildConfiguration;
			buildSettings = {
				ALWAYS_SEARCH_USER_PATHS = NO;
				CLANG_ANALYZER_NONNULL = YES;
				CLANG_CXX_LANGUAGE_STANDARD = "gnu++0x";
				CLANG_CXX_LIBRARY = "libc++";
				CLANG_ENABLE_MODULES = YES;
				CLANG_ENABLE_OBJC_ARC = YES;
				CLANG_WARN_BOOL_CONVERSION = YES;
				CLANG_WARN_CONSTANT_CONVERSION = YES;
				CLANG_WARN_DIRECT_OBJC_ISA_USAGE = YES_ERROR;
				CLANG_WARN_DOCUMENTATION_COMMENTS = YES;
				CLANG_WARN_EMPTY_BODY = YES;
				CLANG_WARN_ENUM_CONVERSION = YES;
				CLANG_WARN_INFINITE_RECURSION = YES;
				CLANG_WARN_INT_CONVERSION = YES;
				CLANG_WARN_OBJC_ROOT_CLASS = YES_ERROR;
				CLANG_WARN_SUSPICIOUS_MOVES = YES;
				CLANG_WARN_UNREACHABLE_CODE = YES;
				CLANG_WARN__DUPLICATE_METHOD_MATCH = YES;
				"CODE_SIGN_IDENTITY[sdk=iphoneos*]" = "iPhone Developer";
				COPY_PHASE_STRIP = NO;
				DEBUG_INFORMATION_FORMAT = dwarf;
				ENABLE_STRICT_OBJC_MSGSEND = YES;
				ENABLE_TESTABILITY = YES;
				GCC_C_LANGUAGE_STANDARD = gnu99;
				GCC_DYNAMIC_NO_PIC = NO;
				GCC_NO_COMMON_BLOCKS = YES;
				GCC_OPTIMIZATION_LEVEL = 0;
				GCC_PREPROCESSOR_DEFINITIONS = (
					"DEBUG=1",
					"$(inherited)",
				);
				GCC_WARN_64_TO_32_BIT_CONVERSION = YES;
				GCC_WARN_ABOUT_RETURN_TYPE = YES_ERROR;
				GCC_WARN_UNDECLARED_SELECTOR = YES;
				GCC_WARN_UNINITIALIZED_AUTOS = YES_AGGRESSIVE;
				GCC_WARN_UNUSED_FUNCTION = YES;
				GCC_WARN_UNUSED_VARIABLE = YES;
				IPHONEOS_DEPLOYMENT_TARGET = 10.0;
				MTL_ENABLE_DEBUG_INFO = YES;
				ONLY_ACTIVE_ARCH = YES;
				SDKROOT = iphoneos;
				SWIFT_ACTIVE_COMPILATION_CONDITIONS = DEBUG;
				SWIFT_OPTIMIZATION_LEVEL = "-Onone";
				TARGETED_DEVICE_FAMILY = "1,2";
			};
			name = Debug;
		};
		884C81AA1DD46666001107B4 /* Release */ = {
			isa = XCBuildConfiguration;
			buildSettings = {
				ALWAYS_SEARCH_USER_PATHS = NO;
				CLANG_ANALYZER_NONNULL = YES;
				CLANG_CXX_LANGUAGE_STANDARD = "gnu++0x";
				CLANG_CXX_LIBRARY = "libc++";
				CLANG_ENABLE_MODULES = YES;
				CLANG_ENABLE_OBJC_ARC = YES;
				CLANG_WARN_BOOL_CONVERSION = YES;
				CLANG_WARN_CONSTANT_CONVERSION = YES;
				CLANG_WARN_DIRECT_OBJC_ISA_USAGE = YES_ERROR;
				CLANG_WARN_DOCUMENTATION_COMMENTS = YES;
				CLANG_WARN_EMPTY_BODY = YES;
				CLANG_WARN_ENUM_CONVERSION = YES;
				CLANG_WARN_INFINITE_RECURSION = YES;
				CLANG_WARN_INT_CONVERSION = YES;
				CLANG_WARN_OBJC_ROOT_CLASS = YES_ERROR;
				CLANG_WARN_SUSPICIOUS_MOVES = YES;
				CLANG_WARN_UNREACHABLE_CODE = YES;
				CLANG_WARN__DUPLICATE_METHOD_MATCH = YES;
				"CODE_SIGN_IDENTITY[sdk=iphoneos*]" = "iPhone Developer";
				COPY_PHASE_STRIP = NO;
				DEBUG_INFORMATION_FORMAT = "dwarf-with-dsym";
				ENABLE_NS_ASSERTIONS = NO;
				ENABLE_STRICT_OBJC_MSGSEND = YES;
				GCC_C_LANGUAGE_STANDARD = gnu99;
				GCC_NO_COMMON_BLOCKS = YES;
				GCC_WARN_64_TO_32_BIT_CONVERSION = YES;
				GCC_WARN_ABOUT_RETURN_TYPE = YES_ERROR;
				GCC_WARN_UNDECLARED_SELECTOR = YES;
				GCC_WARN_UNINITIALIZED_AUTOS = YES_AGGRESSIVE;
				GCC_WARN_UNUSED_FUNCTION = YES;
				GCC_WARN_UNUSED_VARIABLE = YES;
				IPHONEOS_DEPLOYMENT_TARGET = 10.0;
				MTL_ENABLE_DEBUG_INFO = NO;
				SDKROOT = iphoneos;
				SWIFT_OPTIMIZATION_LEVEL = "-Owholemodule";
				TARGETED_DEVICE_FAMILY = "1,2";
				VALIDATE_PRODUCT = YES;
			};
			name = Release;
		};
		884C81AC1DD46666001107B4 /* Debug */ = {
			isa = XCBuildConfiguration;
			buildSettings = {
				ASSETCATALOG_COMPILER_APPICON_NAME = AppIcon;
				INFOPLIST_FILE = NimGame/Info.plist;
				LD_RUNPATH_SEARCH_PATHS = "$(inherited) @executable_path/Frameworks";
				PRODUCT_BUNDLE_IDENTIFIER = com.laurent.NimGame;
				PRODUCT_NAME = "$(TARGET_NAME)";
				SWIFT_VERSION = 3.0;
			};
			name = Debug;
		};
		884C81AD1DD46666001107B4 /* Release */ = {
			isa = XCBuildConfiguration;
			buildSettings = {
				ASSETCATALOG_COMPILER_APPICON_NAME = AppIcon;
				INFOPLIST_FILE = NimGame/Info.plist;
				LD_RUNPATH_SEARCH_PATHS = "$(inherited) @executable_path/Frameworks";
				PRODUCT_BUNDLE_IDENTIFIER = com.laurent.NimGame;
				PRODUCT_NAME = "$(TARGET_NAME)";
				SWIFT_VERSION = 3.0;
			};
			name = Release;
		};
		884C81AF1DD46666001107B4 /* Debug */ = {
			isa = XCBuildConfiguration;
			buildSettings = {
				ALWAYS_EMBED_SWIFT_STANDARD_LIBRARIES = YES;
				INFOPLIST_FILE = NimGameUITests/Info.plist;
				LD_RUNPATH_SEARCH_PATHS = "$(inherited) @executable_path/Frameworks @loader_path/Frameworks";
				PRODUCT_BUNDLE_IDENTIFIER = com.laurent.NimGameUITests;
				PRODUCT_NAME = "$(TARGET_NAME)";
				SWIFT_VERSION = 3.0;
				TEST_TARGET_NAME = NimGame;
			};
			name = Debug;
		};
		884C81B01DD46666001107B4 /* Release */ = {
			isa = XCBuildConfiguration;
			buildSettings = {
				ALWAYS_EMBED_SWIFT_STANDARD_LIBRARIES = YES;
				INFOPLIST_FILE = NimGameUITests/Info.plist;
				LD_RUNPATH_SEARCH_PATHS = "$(inherited) @executable_path/Frameworks @loader_path/Frameworks";
				PRODUCT_BUNDLE_IDENTIFIER = com.laurent.NimGameUITests;
				PRODUCT_NAME = "$(TARGET_NAME)";
				SWIFT_VERSION = 3.0;
				TEST_TARGET_NAME = NimGame;
			};
			name = Release;
		};
/* End XCBuildConfiguration section */

/* Begin XCConfigurationList section */
		884C81891DD46666001107B4 /* Build configuration list for PBXProject "NimGame" */ = {
			isa = XCConfigurationList;
			buildConfigurations = (
				884C81A91DD46666001107B4 /* Debug */,
				884C81AA1DD46666001107B4 /* Release */,
			);
			defaultConfigurationIsVisible = 0;
			defaultConfigurationName = Release;
		};
		884C81AB1DD46666001107B4 /* Build configuration list for PBXNativeTarget "NimGame" */ = {
			isa = XCConfigurationList;
			buildConfigurations = (
				884C81AC1DD46666001107B4 /* Debug */,
				884C81AD1DD46666001107B4 /* Release */,
			);
			defaultConfigurationIsVisible = 0;
			defaultConfigurationName = Release;
		};
		884C81AE1DD46666001107B4 /* Build configuration list for PBXNativeTarget "NimGameUITests" */ = {
			isa = XCConfigurationList;
			buildConfigurations = (
				884C81AF1DD46666001107B4 /* Debug */,
				884C81B01DD46666001107B4 /* Release */,
			);
			defaultConfigurationIsVisible = 0;
			defaultConfigurationName = Release;
		};
/* End XCConfigurationList section */
	};
	rootObject = 884C81861DD46666001107B4 /* Project object */;
}
